
Microsoft Visual Studio Solution File, Format Version 12.00
# Visual Studio Version 16
VisualStudioVersion = 16.0.32002.261
MinimumVisualStudioVersion = 10.0.40219.1
Project("{FAE04EC0-301F-11D3-BF4B-00C04F79EFBC}") = "Aquarium", "Aquarium\Aquarium.csproj", "{08A9ACAD-AE70-4056-B268-F1D6EDA8B841}"
EndProject
Global
	GlobalSection(SolutionConfigurationPlatforms) = preSolution
		Debug|Any CPU = Debug|Any CPU
		Release|Any CPU = Release|Any CPU
	EndGlobalSection
	GlobalSection(ProjectConfigurationPlatforms) = postSolution
		{08A9ACAD-AE70-4056-B268-F1D6EDA8B841}.Debug|Any CPU.ActiveCfg = Debug|Any CPU
		{08A9ACAD-AE70-4056-B268-F1D6EDA8B841}.Debug|Any CPU.Build.0 = Debug|Any CPU
		{08A9ACAD-AE70-4056-B268-F1D6EDA8B841}.Release|Any CPU.ActiveCfg = Release|Any CPU
		{08A9ACAD-AE70-4056-B268-F1D6EDA8B841}.Release|Any CPU.Build.0 = Release|Any CPU
	EndGlobalSection
	GlobalSection(SolutionProperties) = preSolution
		HideSolutionNode = FALSE
	EndGlobalSection
	GlobalSection(ExtensibilityGlobals) = postSolution
		SolutionGuid = {81821618-A5EF-4F2B-B5A2-C541CD17D4F8}
	EndGlobalSection
EndGlobal
