
Microsoft Visual Studio Solution File, Format Version 12.00
# Visual Studio Version 16
VisualStudioVersion = 16.0.32002.261
MinimumVisualStudioVersion = 10.0.40219.1
Project("{FAE04EC0-301F-11D3-BF4B-00C04F79EFBC}") = "Kvartalno Magazinche", "Kvartalno Magazinche\Kvartalno Magazinche.csproj", "{0C763EB6-B6DF-4A32-B579-3E88F7140F2C}"
EndProject
Global
	GlobalSection(SolutionConfigurationPlatforms) = preSolution
		Debug|Any CPU = Debug|Any CPU
		Release|Any CPU = Release|Any CPU
	EndGlobalSection
	GlobalSection(ProjectConfigurationPlatforms) = postSolution
		{0C763EB6-B6DF-4A32-B579-3E88F7140F2C}.Debug|Any CPU.ActiveCfg = Debug|Any CPU
		{0C763EB6-B6DF-4A32-B579-3E88F7140F2C}.Debug|Any CPU.Build.0 = Debug|Any CPU
		{0C763EB6-B6DF-4A32-B579-3E88F7140F2C}.Release|Any CPU.ActiveCfg = Release|Any CPU
		{0C763EB6-B6DF-4A32-B579-3E88F7140F2C}.Release|Any CPU.Build.0 = Release|Any CPU
	EndGlobalSection
	GlobalSection(SolutionProperties) = preSolution
		HideSolutionNode = FALSE
	EndGlobalSection
	GlobalSection(ExtensibilityGlobals) = postSolution
		SolutionGuid = {EFE2B0F0-3CC8-4432-BACD-23BF848154D1}
	EndGlobalSection
EndGlobal
